
Microsoft Visual Studio Solution File, Format Version 12.00
# Visual Studio Version 17
VisualStudioVersion = 17.11.35208.52
MinimumVisualStudioVersion = 10.0.40219.1
Project("{2150E333-8FDC-42A3-9474-1A3956D46DE8}") = "Core", "Core", "{60474438-58A9-4BBD-B05C-45253556D116}"
EndProject
Project("{9A19103F-16F7-4668-BE54-9A1E7A4F7556}") = "DeltaX.Core.Abstractions", "Source\Core\DeltaX.Core.Abstractions\DeltaX.Core.Abstractions.csproj", "{6FABBD1A-E897-49CB-88C8-551975409B7A}"
EndProject
Project("{9A19103F-16F7-4668-BE54-9A1E7A4F7556}") = "DeltaX.Core.Common", "Source\Core\DeltaX.Core.Common\DeltaX.Core.Common.csproj", "{19E99EAA-370F-477E-9FCC-55377408057B}"
EndProject
Project("{9A19103F-16F7-4668-BE54-9A1E7A4F7556}") = "DeltaX.Core.Client", "Source\Core\DeltaX.Core.Client\DeltaX.Core.Client.csproj", "{BD603F0D-2676-4F72-9A83-65AEDCD70B3D}"
EndProject
Project("{9A19103F-16F7-4668-BE54-9A1E7A4F7556}") = "DeltaX.ResultFluent", "Source\Core\DeltaX.ResultFluent\DeltaX.ResultFluent.csproj", "{9E842CE1-7F86-4A16-B3A7-AE46B57A45E4}"
EndProject
Project("{9A19103F-16F7-4668-BE54-9A1E7A4F7556}") = "DeltaX.Core.Hosting", "Source\Core\DeltaX.Core.Hosting\DeltaX.Core.Hosting.csproj", "{C55ADDFF-73BC-4353-9EA2-93D1B41C0F4C}"
EndProject
Project("{2150E333-8FDC-42A3-9474-1A3956D46DE8}") = "DemoBlazor", "DemoBlazor", "{172FA39B-1A60-498A-A385-149188496168}"
EndProject
Project("{9A19103F-16F7-4668-BE54-9A1E7A4F7556}") = "DemoBlazor.Client", "Source\DemoBlazor\DemoBlazor.Client\DemoBlazor.Client.csproj", "{99799903-5279-490E-8A4A-07C10231AD5F}"
EndProject
Project("{9A19103F-16F7-4668-BE54-9A1E7A4F7556}") = "DemoBlazor", "Source\DemoBlazor\DemoBlazor\DemoBlazor.csproj", "{E075C943-1DDB-49F4-81BD-4534C59FDCFD}"
EndProject
Project("{9A19103F-16F7-4668-BE54-9A1E7A4F7556}") = "DemoBlazor.Shared", "Source\DemoBlazor\DemoBlazor.Shared\DemoBlazor.Shared.csproj", "{F642D136-6428-45E9-9C23-39A01966E097}"
EndProject
Project("{9A19103F-16F7-4668-BE54-9A1E7A4F7556}") = "DemoOrigianl", "Source\DemoOrigianl\DemoOrigianl\DemoOrigianl.csproj", "{F4767F50-4B35-489E-BB21-783F92C1E25F}"
EndProject
Project("{9A19103F-16F7-4668-BE54-9A1E7A4F7556}") = "DemoOrigianl.Client", "Source\DemoOrigianl\DemoOrigianl.Client\DemoOrigianl.Client.csproj", "{286C378E-AD3E-47AA-990E-A63BB04E7975}"
EndProject
Project("{9A19103F-16F7-4668-BE54-9A1E7A4F7556}") = "DemoBlazor.App", "Source\DemoBlazor\DemoBlazor.App\DemoBlazor.App.csproj", "{7E7BDF56-E274-49FC-852D-A45CE3DEC824}"
EndProject
Project("{2150E333-8FDC-42A3-9474-1A3956D46DE8}") = "StandAlone", "StandAlone", "{2AB2E2BA-CB73-4736-9EA8-80D5DC4813BA}"
EndProject
Project("{FAE04EC0-301F-11D3-BF4B-00C04F79EFBC}") = "DemoWebApi", "Source\StandAlone\DemoWebApi\DemoWebApi.csproj", "{18F01BF5-013A-4CD3-8A3F-5B92237FED49}"
EndProject
Global
	GlobalSection(SolutionConfigurationPlatforms) = preSolution
		Debug|Any CPU = Debug|Any CPU
		Release|Any CPU = Release|Any CPU
	EndGlobalSection
	GlobalSection(ProjectConfigurationPlatforms) = postSolution
		{6FABBD1A-E897-49CB-88C8-551975409B7A}.Debug|Any CPU.ActiveCfg = Debug|Any CPU
		{6FABBD1A-E897-49CB-88C8-551975409B7A}.Debug|Any CPU.Build.0 = Debug|Any CPU
		{6FABBD1A-E897-49CB-88C8-551975409B7A}.Release|Any CPU.ActiveCfg = Release|Any CPU
		{6FABBD1A-E897-49CB-88C8-551975409B7A}.Release|Any CPU.Build.0 = Release|Any CPU
		{19E99EAA-370F-477E-9FCC-55377408057B}.Debug|Any CPU.ActiveCfg = Debug|Any CPU
		{19E99EAA-370F-477E-9FCC-55377408057B}.Debug|Any CPU.Build.0 = Debug|Any CPU
		{19E99EAA-370F-477E-9FCC-55377408057B}.Release|Any CPU.ActiveCfg = Release|Any CPU
		{19E99EAA-370F-477E-9FCC-55377408057B}.Release|Any CPU.Build.0 = Release|Any CPU
		{BD603F0D-2676-4F72-9A83-65AEDCD70B3D}.Debug|Any CPU.ActiveCfg = Debug|Any CPU
		{BD603F0D-2676-4F72-9A83-65AEDCD70B3D}.Debug|Any CPU.Build.0 = Debug|Any CPU
		{BD603F0D-2676-4F72-9A83-65AEDCD70B3D}.Release|Any CPU.ActiveCfg = Release|Any CPU
		{BD603F0D-2676-4F72-9A83-65AEDCD70B3D}.Release|Any CPU.Build.0 = Release|Any CPU
		{9E842CE1-7F86-4A16-B3A7-AE46B57A45E4}.Debug|Any CPU.ActiveCfg = Debug|Any CPU
		{9E842CE1-7F86-4A16-B3A7-AE46B57A45E4}.Debug|Any CPU.Build.0 = Debug|Any CPU
		{9E842CE1-7F86-4A16-B3A7-AE46B57A45E4}.Release|Any CPU.ActiveCfg = Release|Any CPU
		{9E842CE1-7F86-4A16-B3A7-AE46B57A45E4}.Release|Any CPU.Build.0 = Release|Any CPU
		{C55ADDFF-73BC-4353-9EA2-93D1B41C0F4C}.Debug|Any CPU.ActiveCfg = Debug|Any CPU
		{C55ADDFF-73BC-4353-9EA2-93D1B41C0F4C}.Debug|Any CPU.Build.0 = Debug|Any CPU
		{C55ADDFF-73BC-4353-9EA2-93D1B41C0F4C}.Release|Any CPU.ActiveCfg = Release|Any CPU
		{C55ADDFF-73BC-4353-9EA2-93D1B41C0F4C}.Release|Any CPU.Build.0 = Release|Any CPU
		{99799903-5279-490E-8A4A-07C10231AD5F}.Debug|Any CPU.ActiveCfg = Debug|Any CPU
		{99799903-5279-490E-8A4A-07C10231AD5F}.Debug|Any CPU.Build.0 = Debug|Any CPU
		{99799903-5279-490E-8A4A-07C10231AD5F}.Release|Any CPU.ActiveCfg = Release|Any CPU
		{99799903-5279-490E-8A4A-07C10231AD5F}.Release|Any CPU.Build.0 = Release|Any CPU
		{E075C943-1DDB-49F4-81BD-4534C59FDCFD}.Debug|Any CPU.ActiveCfg = Debug|Any CPU
		{E075C943-1DDB-49F4-81BD-4534C59FDCFD}.Debug|Any CPU.Build.0 = Debug|Any CPU
		{E075C943-1DDB-49F4-81BD-4534C59FDCFD}.Release|Any CPU.ActiveCfg = Release|Any CPU
		{E075C943-1DDB-49F4-81BD-4534C59FDCFD}.Release|Any CPU.Build.0 = Release|Any CPU
		{F642D136-6428-45E9-9C23-39A01966E097}.Debug|Any CPU.ActiveCfg = Debug|Any CPU
		{F642D136-6428-45E9-9C23-39A01966E097}.Debug|Any CPU.Build.0 = Debug|Any CPU
		{F642D136-6428-45E9-9C23-39A01966E097}.Release|Any CPU.ActiveCfg = Release|Any CPU
		{F642D136-6428-45E9-9C23-39A01966E097}.Release|Any CPU.Build.0 = Release|Any CPU
		{F4767F50-4B35-489E-BB21-783F92C1E25F}.Debug|Any CPU.ActiveCfg = Debug|Any CPU
		{F4767F50-4B35-489E-BB21-783F92C1E25F}.Debug|Any CPU.Build.0 = Debug|Any CPU
		{F4767F50-4B35-489E-BB21-783F92C1E25F}.Release|Any CPU.ActiveCfg = Release|Any CPU
		{F4767F50-4B35-489E-BB21-783F92C1E25F}.Release|Any CPU.Build.0 = Release|Any CPU
		{286C378E-AD3E-47AA-990E-A63BB04E7975}.Debug|Any CPU.ActiveCfg = Debug|Any CPU
		{286C378E-AD3E-47AA-990E-A63BB04E7975}.Debug|Any CPU.Build.0 = Debug|Any CPU
		{286C378E-AD3E-47AA-990E-A63BB04E7975}.Release|Any CPU.ActiveCfg = Release|Any CPU
		{286C378E-AD3E-47AA-990E-A63BB04E7975}.Release|Any CPU.Build.0 = Release|Any CPU
		{7E7BDF56-E274-49FC-852D-A45CE3DEC824}.Debug|Any CPU.ActiveCfg = Debug|Any CPU
		{7E7BDF56-E274-49FC-852D-A45CE3DEC824}.Debug|Any CPU.Build.0 = Debug|Any CPU
		{7E7BDF56-E274-49FC-852D-A45CE3DEC824}.Release|Any CPU.ActiveCfg = Release|Any CPU
		{7E7BDF56-E274-49FC-852D-A45CE3DEC824}.Release|Any CPU.Build.0 = Release|Any CPU
		{18F01BF5-013A-4CD3-8A3F-5B92237FED49}.Debug|Any CPU.ActiveCfg = Debug|Any CPU
		{18F01BF5-013A-4CD3-8A3F-5B92237FED49}.Debug|Any CPU.Build.0 = Debug|Any CPU
		{18F01BF5-013A-4CD3-8A3F-5B92237FED49}.Release|Any CPU.ActiveCfg = Release|Any CPU
		{18F01BF5-013A-4CD3-8A3F-5B92237FED49}.Release|Any CPU.Build.0 = Release|Any CPU
	EndGlobalSection
	GlobalSection(SolutionProperties) = preSolution
		HideSolutionNode = FALSE
	EndGlobalSection
	GlobalSection(NestedProjects) = preSolution
		{6FABBD1A-E897-49CB-88C8-551975409B7A} = {60474438-58A9-4BBD-B05C-45253556D116}
		{19E99EAA-370F-477E-9FCC-55377408057B} = {60474438-58A9-4BBD-B05C-45253556D116}
		{BD603F0D-2676-4F72-9A83-65AEDCD70B3D} = {60474438-58A9-4BBD-B05C-45253556D116}
		{9E842CE1-7F86-4A16-B3A7-AE46B57A45E4} = {60474438-58A9-4BBD-B05C-45253556D116}
		{C55ADDFF-73BC-4353-9EA2-93D1B41C0F4C} = {60474438-58A9-4BBD-B05C-45253556D116}
		{99799903-5279-490E-8A4A-07C10231AD5F} = {172FA39B-1A60-498A-A385-149188496168}
		{E075C943-1DDB-49F4-81BD-4534C59FDCFD} = {172FA39B-1A60-498A-A385-149188496168}
		{F642D136-6428-45E9-9C23-39A01966E097} = {172FA39B-1A60-498A-A385-149188496168}
		{F4767F50-4B35-489E-BB21-783F92C1E25F} = {60474438-58A9-4BBD-B05C-45253556D116}
		{286C378E-AD3E-47AA-990E-A63BB04E7975} = {60474438-58A9-4BBD-B05C-45253556D116}
		{7E7BDF56-E274-49FC-852D-A45CE3DEC824} = {172FA39B-1A60-498A-A385-149188496168}
		{18F01BF5-013A-4CD3-8A3F-5B92237FED49} = {2AB2E2BA-CB73-4736-9EA8-80D5DC4813BA}
	EndGlobalSection
	GlobalSection(ExtensibilityGlobals) = postSolution
		SolutionGuid = {0B079DBD-D061-4843-915D-066E1EEBF9F1}
	EndGlobalSection
EndGlobal
